
Microsoft Visual Studio Solution File, Format Version 12.00
# Visual Studio Version 16
VisualStudioVersion = 16.0.31213.239
MinimumVisualStudioVersion = 15.0.26124.0
Project("{FAE04EC0-301F-11D3-BF4B-00C04F79EFBC}") = "SimpleAppWithNoAppXaml", "SimpleAppWithNoAppXaml\SimpleAppWithNoAppXaml.csproj", "{ADFBCFBD-58A1-4369-8C92-20E3D23C0DC6}"
EndProject
Global
	GlobalSection(SolutionConfigurationPlatforms) = preSolution
		Debug|Any CPU = Debug|Any CPU
		Debug|x64 = Debug|x64
		Debug|x86 = Debug|x86
		Release|Any CPU = Release|Any CPU
		Release|x64 = Release|x64
		Release|x86 = Release|x86
	EndGlobalSection
	GlobalSection(ProjectConfigurationPlatforms) = postSolution
		{ADFBCFBD-58A1-4369-8C92-20E3D23C0DC6}.Debug|Any CPU.ActiveCfg = Debug|Any CPU
		{ADFBCFBD-58A1-4369-8C92-20E3D23C0DC6}.Debug|Any CPU.Build.0 = Debug|Any CPU
		{ADFBCFBD-58A1-4369-8C92-20E3D23C0DC6}.Debug|x64.ActiveCfg = Debug|Any CPU
		{ADFBCFBD-58A1-4369-8C92-20E3D23C0DC6}.Debug|x64.Build.0 = Debug|Any CPU
		{ADFBCFBD-58A1-4369-8C92-20E3D23C0DC6}.Debug|x86.ActiveCfg = Debug|Any CPU
		{ADFBCFBD-58A1-4369-8C92-20E3D23C0DC6}.Debug|x86.Build.0 = Debug|Any CPU
		{ADFBCFBD-58A1-4369-8C92-20E3D23C0DC6}.Release|Any CPU.ActiveCfg = Release|Any CPU
		{ADFBCFBD-58A1-4369-8C92-20E3D23C0DC6}.Release|Any CPU.Build.0 = Release|Any CPU
		{ADFBCFBD-58A1-4369-8C92-20E3D23C0DC6}.Release|x64.ActiveCfg = Release|Any CPU
		{ADFBCFBD-58A1-4369-8C92-20E3D23C0DC6}.Release|x64.Build.0 = Release|Any CPU
		{ADFBCFBD-58A1-4369-8C92-20E3D23C0DC6}.Release|x86.ActiveCfg = Release|Any CPU
		{ADFBCFBD-58A1-4369-8C92-20E3D23C0DC6}.Release|x86.Build.0 = Release|Any CPU
	EndGlobalSection
	GlobalSection(SolutionProperties) = preSolution
		HideSolutionNode = FALSE
	EndGlobalSection
	GlobalSection(ExtensibilityGlobals) = postSolution
		SolutionGuid = {5D99800A-1814-429D-A011-1339202D57E9}
	EndGlobalSection
EndGlobal
